<?xml version="1.0" encoding="UTF-8" standalone="yes" ?>
<CodeBlocks_project_file>
	<FileVersion major="1" minor="6" />
	<Project>
		<Option title="fourinarow" />
		<Option pch_mode="2" />
		<Option compiler="mingw-w64" />
		<Build>
			<Target title="Debug">
				<Option output="bin/Debug/fourinarow" prefix_auto="1" extension_auto="1" />
				<Option object_output="obj/Debug/" />
				<Option type="1" />
				<Option compiler="mingw-w64" />
				<Compiler>
					<Add option="-O3" />
					<Add option="-Wextra" />
					<Add option="-Wall" />
					<Add option="-std=c++11" />
					<Add option="-g" />
				</Compiler>
			</Target>
			<Target title="Release">
				<Option output="bin/Release/fourinarow" prefix_auto="1" extension_auto="1" />
				<Option object_output="obj/Release/" />
				<Option type="1" />
				<Option compiler="mingw-w64" />
				<Compiler>
					<Add option="-O2" />
				</Compiler>
				<Linker>
					<Add option="-s" />
				</Linker>
			</Target>
			<Target title="python_wrapper">
				<Option output="fourinarow" imp_lib="$(TARGET_OUTPUT_DIR)$(TARGET_OUTPUT_BASENAME).a" def_file="$(TARGET_OUTPUT_DIR)$(TARGET_OUTPUT_BASENAME).def" prefix_auto="1" extension_auto="1" />
				<Option type="3" />
				<Option compiler="mingw-w64" />
				<Option createDefFile="1" />
				<Option createStaticLib="1" />
				<Compiler>
					<Add option="-fexpensive-optimizations" />
					<Add option="-Wextra" />
					<Add option="-Wall" />
					<Add option="-std=c++11" />
					<Add option="-fPIC" />
					<Add option="-shared" />
				</Compiler>
				<Linker>
					<Add option="-O3" />
				</Linker>
			</Target>
		</Build>
		<Compiler>
			<Add option="-O3" />
			<Add option="-Wextra" />
			<Add option="-Wall" />
			<Add option="-std=c++11" />
			<Add option="-fexceptions" />
		</Compiler>
		<Unit filename="Experiment agent code/bfs_old.cpp">
			<Option target="Debug" />
			<Option target="Release" />
		</Unit>
		<Unit filename="Experiment agent code/bfs_old.h">
			<Option target="Debug" />
			<Option target="Release" />
		</Unit>
		<Unit filename="Experiment agent code/features_old.cpp">
			<Option target="Debug" />
			<Option target="Release" />
		</Unit>
		<Unit filename="Experiment agent code/heuristic_old.cpp">
			<Option target="Debug" />
			<Option target="Release" />
		</Unit>
		<Unit filename="Experiment agent code/heuristic_old.h">
			<Option target="Debug" />
			<Option target="Release" />
		</Unit>
		<Unit filename="Peak code/bfs.cpp">
			<Option target="Debug" />
			<Option target="Release" />
		</Unit>
		<Unit filename="Peak code/bfs.h">
			<Option target="Debug" />
			<Option target="Release" />
		</Unit>
		<Unit filename="Peak code/features_all.cpp">
			<Option target="Debug" />
			<Option target="Release" />
		</Unit>
		<Unit filename="Peak code/heuristic.cpp">
			<Option target="Debug" />
			<Option target="Release" />
		</Unit>
		<Unit filename="Peak code/heuristic.h">
			<Option target="Debug" />
			<Option target="Release" />
		</Unit>
		<Unit filename="Python wrapper/python_wrapper.cpp" />
		<Unit filename="bfs.cpp" />
		<Unit filename="bfs.h" />
		<Unit filename="bfs_nhp.cpp" />
		<Unit filename="bfs_nhp.h" />
		<Unit filename="board.h" />
		<Unit filename="data_struct.cpp">
			<Option target="Debug" />
			<Option target="Release" />
		</Unit>
		<Unit filename="data_struct.h">
			<Option target="Debug" />
			<Option target="Release" />
		</Unit>
		<Unit filename="dfs.cpp">
			<Option target="Debug" />
			<Option target="Release" />
		</Unit>
		<Unit filename="eye_trace.cpp">
			<Option target="Debug" />
			<Option target="Release" />
		</Unit>
		<Unit filename="features_all.cpp" />
		<Unit filename="fmri_values.cpp">
			<Option target="Debug" />
			<Option target="Release" />
		</Unit>
		<Unit filename="heuristic.cpp" />
		<Unit filename="heuristic.h" />
		<Unit filename="heuristic_nhp.cpp" />
		<Unit filename="heuristic_nhp.h" />
		<Unit filename="main.cpp">
			<Option target="Debug" />
			<Option target="Release" />
		</Unit>
		<Unit filename="mcts.cpp">
			<Option target="Debug" />
			<Option target="Release" />
		</Unit>
		<Unit filename="mcts.h">
			<Option target="Debug" />
			<Option target="Release" />
		</Unit>
		<Unit filename="utils.h" />
		<Extensions>
			<code_completion />
			<envvars />
			<debugger />
		</Extensions>
	</Project>
</CodeBlocks_project_file>
